// !$*UTF8*$!
{
	archiveVersion = 1;
	classes = {
	};
	objectVersion = 46;
	objects = {

/* Begin PBXBuildFile section */
		60AADA071B981AD200A5DCC7 /* AppDelegate.swift in Sources */ = {isa = PBXBuildFile; fileRef = 60AADA061B981AD200A5DCC7 /* AppDelegate.swift */; };
		60AADA091B981AD200A5DCC7 /* ViewController.swift in Sources */ = {isa = PBXBuildFile; fileRef = 60AADA081B981AD200A5DCC7 /* ViewController.swift */; };
		60AADA0C1B981AD200A5DCC7 /* Main.storyboard in Resources */ = {isa = PBXBuildFile; fileRef = 60AADA0A1B981AD200A5DCC7 /* Main.storyboard */; };
		60AADA0E1B981AD200A5DCC7 /* Images.xcassets in Resources */ = {isa = PBXBuildFile; fileRef = 60AADA0D1B981AD200A5DCC7 /* Images.xcassets */; };
		60AADA111B981AD200A5DCC7 /* LaunchScreen.xib in Resources */ = {isa = PBXBuildFile; fileRef = 60AADA0F1B981AD200A5DCC7 /* LaunchScreen.xib */; };
		60AADA1D1B981AD200A5DCC7 /* MuseTests.swift in Sources */ = {isa = PBXBuildFile; fileRef = 60AADA1C1B981AD200A5DCC7 /* MuseTests.swift */; };
/* End PBXBuildFile section */

/* Begin PBXContainerItemProxy section */
		60AADA171B981AD200A5DCC7 /* PBXContainerItemProxy */ = {
			isa = PBXContainerItemProxy;
			containerPortal = 60AAD9F91B981AD200A5DCC7 /* Project object */;
			proxyType = 1;
			remoteGlobalIDString = 60AADA001B981AD200A5DCC7;
			remoteInfo = Muse;
		};
/* End PBXContainerItemProxy section */

/* Begin PBXFileReference section */
		60AADA011B981AD200A5DCC7 /* Muse.app */ = {isa = PBXFileReference; explicitFileType = wrapper.application; includeInIndex = 0; path = Muse.app; sourceTree = BUILT_PRODUCTS_DIR; };
		60AADA051B981AD200A5DCC7 /* Info.plist */ = {isa = PBXFileReference; lastKnownFileType = text.plist.xml; path = Info.plist; sourceTree = "<group>"; };
		60AADA061B981AD200A5DCC7 /* AppDelegate.swift */ = {isa = PBXFileReference; lastKnownFileType = sourcecode.swift; path = AppDelegate.swift; sourceTree = "<group>"; };
		60AADA081B981AD200A5DCC7 /* ViewController.swift */ = {isa = PBXFileReference; lastKnownFileType = sourcecode.swift; path = ViewController.swift; sourceTree = "<group>"; };
		60AADA0B1B981AD200A5DCC7 /* Base */ = {isa = PBXFileReference; lastKnownFileType = file.storyboard; name = Base; path = Base.lproj/Main.storyboard; sourceTree = "<group>"; };
		60AADA0D1B981AD200A5DCC7 /* Images.xcassets */ = {isa = PBXFileReference; lastKnownFileType = folder.assetcatalog; path = Images.xcassets; sourceTree = "<group>"; };
		60AADA101B981AD200A5DCC7 /* Base */ = {isa = PBXFileReference; lastKnownFileType = file.xib; name = Base; path = Base.lproj/LaunchScreen.xib; sourceTree = "<group>"; };
		60AADA161B981AD200A5DCC7 /* MuseTests.xctest */ = {isa = PBXFileReference; explicitFileType = wrapper.cfbundle; includeInIndex = 0; path = MuseTests.xctest; sourceTree = BUILT_PRODUCTS_DIR; };
		60AADA1B1B981AD200A5DCC7 /* Info.plist */ = {isa = PBXFileReference; lastKnownFileType = text.plist.xml; path = Info.plist; sourceTree = "<group>"; };
		60AADA1C1B981AD200A5DCC7 /* MuseTests.swift */ = {isa = PBXFileReference; lastKnownFileType = sourcecode.swift; path = MuseTests.swift; sourceTree = "<group>"; };
/* End PBXFileReference section */

/* Begin PBXFrameworksBuildPhase section */
		60AAD9FE1B981AD200A5DCC7 /* Frameworks */ = {
			isa = PBXFrameworksBuildPhase;
			buildActionMask = 2147483647;
			files = (
			);
			runOnlyForDeploymentPostprocessing = 0;
		};
		60AADA131B981AD200A5DCC7 /* Frameworks */ = {
			isa = PBXFrameworksBuildPhase;
			buildActionMask = 2147483647;
			files = (
			);
			runOnlyForDeploymentPostprocessing = 0;
		};
/* End PBXFrameworksBuildPhase section */

/* Begin PBXGroup section */
		60AAD9F81B981AD200A5DCC7 = {
			isa = PBXGroup;
			children = (
				60AADA031B981AD200A5DCC7 /* Muse */,
				60AADA191B981AD200A5DCC7 /* MuseTests */,
				60AADA021B981AD200A5DCC7 /* Products */,
			);
			sourceTree = "<group>";
		};
		60AADA021B981AD200A5DCC7 /* Products */ = {
			isa = PBXGroup;
			children = (
				60AADA011B981AD200A5DCC7 /* Muse.app */,
				60AADA161B981AD200A5DCC7 /* MuseTests.xctest */,
			);
			name = Products;
			sourceTree = "<group>";
		};
		60AADA031B981AD200A5DCC7 /* Muse */ = {
			isa = PBXGroup;
			children = (
				60AADA061B981AD200A5DCC7 /* AppDelegate.swift */,
				60AADA081B981AD200A5DCC7 /* ViewController.swift */,
				60AADA0A1B981AD200A5DCC7 /* Main.storyboard */,
				60AADA0D1B981AD200A5DCC7 /* Images.xcassets */,
				60AADA0F1B981AD200A5DCC7 /* LaunchScreen.xib */,
				60AADA041B981AD200A5DCC7 /* Supporting Files */,
			);
			path = Muse;
			sourceTree = "<group>";
		};
		60AADA041B981AD200A5DCC7 /* Supporting Files */ = {
			isa = PBXGroup;
			children = (
				60AADA051B981AD200A5DCC7 /* Info.plist */,
			);
			name = "Supporting Files";
			sourceTree = "<group>";
		};
		60AADA191B981AD200A5DCC7 /* MuseTests */ = {
			isa = PBXGroup;
			children = (
				60AADA1C1B981AD200A5DCC7 /* MuseTests.swift */,
				60AADA1A1B981AD200A5DCC7 /* Supporting Files */,
			);
			path = MuseTests;
			sourceTree = "<group>";
		};
		60AADA1A1B981AD200A5DCC7 /* Supporting Files */ = {
			isa = PBXGroup;
			children = (
				60AADA1B1B981AD200A5DCC7 /* Info.plist */,
			);
			name = "Supporting Files";
			sourceTree = "<group>";
		};
/* End PBXGroup section */

/* Begin PBXNativeTarget section */
		60AADA001B981AD200A5DCC7 /* Muse */ = {
			isa = PBXNativeTarget;
			buildConfigurationList = 60AADA201B981AD200A5DCC7 /* Build configuration list for PBXNativeTarget "Muse" */;
			buildPhases = (
				60AAD9FD1B981AD200A5DCC7 /* Sources */,
				60AAD9FE1B981AD200A5DCC7 /* Frameworks */,
				60AAD9FF1B981AD200A5DCC7 /* Resources */,
			);
			buildRules = (
			);
			dependencies = (
			);
			name = Muse;
			productName = Muse;
			productReference = 60AADA011B981AD200A5DCC7 /* Muse.app */;
			productType = "com.apple.product-type.application";
		};
		60AADA151B981AD200A5DCC7 /* MuseTests */ = {
			isa = PBXNativeTarget;
			buildConfigurationList = 60AADA231B981AD200A5DCC7 /* Build configuration list for PBXNativeTarget "MuseTests" */;
			buildPhases = (
				60AADA121B981AD200A5DCC7 /* Sources */,
				60AADA131B981AD200A5DCC7 /* Frameworks */,
				60AADA141B981AD200A5DCC7 /* Resources */,
			);
			buildRules = (
			);
			dependencies = (
				60AADA181B981AD200A5DCC7 /* PBXTargetDependency */,
			);
			name = MuseTests;
			productName = MuseTests;
			productReference = 60AADA161B981AD200A5DCC7 /* MuseTests.xctest */;
			productType = "com.apple.product-type.bundle.unit-test";
		};
/* End PBXNativeTarget section */

/* Begin PBXProject section */
		60AAD9F91B981AD200A5DCC7 /* Project object */ = {
			isa = PBXProject;
			attributes = {
				LastSwiftUpdateCheck = 0700;
				LastUpgradeCheck = 0700;
				ORGANIZATIONNAME = Genosis;
				TargetAttributes = {
					60AADA001B981AD200A5DCC7 = {
						CreatedOnToolsVersion = 6.4;
					};
					60AADA151B981AD200A5DCC7 = {
						CreatedOnToolsVersion = 6.4;
						TestTargetID = 60AADA001B981AD200A5DCC7;
					};
				};
			};
			buildConfigurationList = 60AAD9FC1B981AD200A5DCC7 /* Build configuration list for PBXProject "Muse" */;
			compatibilityVersion = "Xcode 3.2";
			developmentRegion = English;
			hasScannedForEncodings = 0;
			knownRegions = (
				en,
				Base,
			);
			mainGroup = 60AAD9F81B981AD200A5DCC7;
			productRefGroup = 60AADA021B981AD200A5DCC7 /* Products */;
			projectDirPath = "";
			projectRoot = "";
			targets = (
				60AADA001B981AD200A5DCC7 /* Muse */,
				60AADA151B981AD200A5DCC7 /* MuseTests */,
			);
		};
/* End PBXProject section */

/* Begin PBXResourcesBuildPhase section */
		60AAD9FF1B981AD200A5DCC7 /* Resources */ = {
			isa = PBXResourcesBuildPhase;
			buildActionMask = 2147483647;
			files = (
				60AADA0C1B981AD200A5DCC7 /* Main.storyboard in Resources */,
				60AADA111B981AD200A5DCC7 /* LaunchScreen.xib in Resources */,
				60AADA0E1B981AD200A5DCC7 /* Images.xcassets in Resources */,
			);
			runOnlyForDeploymentPostprocessing = 0;
		};
		60AADA141B981AD200A5DCC7 /* Resources */ = {
			isa = PBXResourcesBuildPhase;
			buildActionMask = 2147483647;
			files = (
			);
			runOnlyForDeploymentPostprocessing = 0;
		};
/* End PBXResourcesBuildPhase section */

/* Begin PBXSourcesBuildPhase section */
		60AAD9FD1B981AD200A5DCC7 /* Sources */ = {
			isa = PBXSourcesBuildPhase;
			buildActionMask = 2147483647;
			files = (
				60AADA091B981AD200A5DCC7 /* ViewController.swift in Sources */,
				60AADA071B981AD200A5DCC7 /* AppDelegate.swift in Sources */,
			);
			runOnlyForDeploymentPostprocessing = 0;
		};
		60AADA121B981AD200A5DCC7 /* Sources */ = {
			isa = PBXSourcesBuildPhase;
			buildActionMask = 2147483647;
			files = (
				60AADA1D1B981AD200A5DCC7 /* MuseTests.swift in Sources */,
			);
			runOnlyForDeploymentPostprocessing = 0;
		};
/* End PBXSourcesBuildPhase section */

/* Begin PBXTargetDependency section */
		60AADA181B981AD200A5DCC7 /* PBXTargetDependency */ = {
			isa = PBXTargetDependency;
			target = 60AADA001B981AD200A5DCC7 /* Muse */;
			targetProxy = 60AADA171B981AD200A5DCC7 /* PBXContainerItemProxy */;
		};
/* End PBXTargetDependency section */

/* Begin PBXVariantGroup section */
		60AADA0A1B981AD200A5DCC7 /* Main.storyboard */ = {
			isa = PBXVariantGroup;
			children = (
				60AADA0B1B981AD200A5DCC7 /* Base */,
			);
			name = Main.storyboard;
			sourceTree = "<group>";
		};
		60AADA0F1B981AD200A5DCC7 /* LaunchScreen.xib */ = {
			isa = PBXVariantGroup;
			children = (
				60AADA101B981AD200A5DCC7 /* Base */,
			);
			name = LaunchScreen.xib;
			sourceTree = "<group>";
		};
/* End PBXVariantGroup section */

/* Begin XCBuildConfiguration section */
		60AADA1E1B981AD200A5DCC7 /* Debug */ = {
			isa = XCBuildConfiguration;
			buildSettings = {
				ALWAYS_SEARCH_USER_PATHS = NO;
				CLANG_CXX_LANGUAGE_STANDARD = "gnu++0x";
				CLANG_CXX_LIBRARY = "libc++";
				CLANG_ENABLE_MODULES = YES;
				CLANG_ENABLE_OBJC_ARC = YES;
				CLANG_WARN_BOOL_CONVERSION = YES;
				CLANG_WARN_CONSTANT_CONVERSION = YES;
				CLANG_WARN_DIRECT_OBJC_ISA_USAGE = YES_ERROR;
				CLANG_WARN_EMPTY_BODY = YES;
				CLANG_WARN_ENUM_CONVERSION = YES;
				CLANG_WARN_INT_CONVERSION = YES;
				CLANG_WARN_OBJC_ROOT_CLASS = YES_ERROR;
				CLANG_WARN_UNREACHABLE_CODE = YES;
				CLANG_WARN__DUPLICATE_METHOD_MATCH = YES;
				"CODE_SIGN_IDENTITY[sdk=iphoneos*]" = "iPhone Developer";
				COPY_PHASE_STRIP = NO;
				DEBUG_INFORMATION_FORMAT = "dwarf-with-dsym";
				ENABLE_STRICT_OBJC_MSGSEND = YES;
				ENABLE_TESTABILITY = YES;
				GCC_C_LANGUAGE_STANDARD = gnu99;
				GCC_DYNAMIC_NO_PIC = NO;
				GCC_NO_COMMON_BLOCKS = YES;
				GCC_OPTIMIZATION_LEVEL = 0;
				GCC_PREPROCESSOR_DEFINITIONS = (
					"DEBUG=1",
					"$(inherited)",
				);
				GCC_SYMBOLS_PRIVATE_EXTERN = NO;
				GCC_WARN_64_TO_32_BIT_CONVERSION = YES;
				GCC_WARN_ABOUT_RETURN_TYPE = YES_ERROR;
				GCC_WARN_UNDECLARED_SELECTOR = YES;
				GCC_WARN_UNINITIALIZED_AUTOS = YES_AGGRESSIVE;
				GCC_WARN_UNUSED_FUNCTION = YES;
				GCC_WARN_UNUSED_VARIABLE = YES;
				IPHONEOS_DEPLOYMENT_TARGET = 9.0;
				MTL_ENABLE_DEBUG_INFO = YES;
				ONLY_ACTIVE_ARCH = YES;
				SDKROOT = iphoneos;
				SWIFT_OPTIMIZATION_LEVEL = "-Onone";
				TARGETED_DEVICE_FAMILY = "1,2";
			};
			name = Debug;
		};
		60AADA1F1B981AD200A5DCC7 /* Release */ = {
			isa = XCBuildConfiguration;
			buildSettings = {
				ALWAYS_SEARCH_USER_PATHS = NO;
				CLANG_CXX_LANGUAGE_STANDARD = "gnu++0x";
				CLANG_CXX_LIBRARY = "libc++";
				CLANG_ENABLE_MODULES = YES;
				CLANG_ENABLE_OBJC_ARC = YES;
				CLANG_WARN_BOOL_CONVERSION = YES;
				CLANG_WARN_CONSTANT_CONVERSION = YES;
				CLANG_WARN_DIRECT_OBJC_ISA_USAGE = YES_ERROR;
				CLANG_WARN_EMPTY_BODY = YES;
				CLANG_WARN_ENUM_CONVERSION = YES;
				CLANG_WARN_INT_CONVERSION = YES;
				CLANG_WARN_OBJC_ROOT_CLASS = YES_ERROR;
				CLANG_WARN_UNREACHABLE_CODE = YES;
				CLANG_WARN__DUPLICATE_METHOD_MATCH = YES;
				"CODE_SIGN_IDENTITY[sdk=iphoneos*]" = "iPhone Developer";
				COPY_PHASE_STRIP = NO;
				DEBUG_INFORMATION_FORMAT = "dwarf-with-dsym";
				ENABLE_NS_ASSERTIONS = NO;
				ENABLE_STRICT_OBJC_MSGSEND = YES;
				GCC_C_LANGUAGE_STANDARD = gnu99;
				GCC_NO_COMMON_BLOCKS = YES;
				GCC_WARN_64_TO_32_BIT_CONVERSION = YES;
				GCC_WARN_ABOUT_RETURN_TYPE = YES_ERROR;
				GCC_WARN_UNDECLARED_SELECTOR = YES;
				GCC_WARN_UNINITIALIZED_AUTOS = YES_AGGRESSIVE;
				GCC_WARN_UNUSED_FUNCTION = YES;
				GCC_WARN_UNUSED_VARIABLE = YES;
				IPHONEOS_DEPLOYMENT_TARGET = 9.0;
				MTL_ENABLE_DEBUG_INFO = NO;
				SDKROOT = iphoneos;
				TARGETED_DEVICE_FAMILY = "1,2";
				VALIDATE_PRODUCT = YES;
			};
			name = Release;
		};
		60AADA211B981AD200A5DCC7 /* Debug */ = {
			isa = XCBuildConfiguration;
			buildSettings = {
				ASSETCATALOG_COMPILER_APPICON_NAME = AppIcon;
				INFOPLIST_FILE = Muse/Info.plist;
				LD_RUNPATH_SEARCH_PATHS = "$(inherited) @executable_path/Frameworks";
				PRODUCT_BUNDLE_IDENTIFIER = "com.genosis.$(PRODUCT_NAME:rfc1034identifier)";
				PRODUCT_NAME = "$(TARGET_NAME)";
			};
			name = Debug;
		};
		60AADA221B981AD200A5DCC7 /* Release */ = {
			isa = XCBuildConfiguration;
			buildSettings = {
				ASSETCATALOG_COMPILER_APPICON_NAME = AppIcon;
				INFOPLIST_FILE = Muse/Info.plist;
				LD_RUNPATH_SEARCH_PATHS = "$(inherited) @executable_path/Frameworks";
				PRODUCT_BUNDLE_IDENTIFIER = "com.genosis.$(PRODUCT_NAME:rfc1034identifier)";
				PRODUCT_NAME = "$(TARGET_NAME)";
			};
			name = Release;
		};
		60AADA241B981AD200A5DCC7 /* Debug */ = {
			isa = XCBuildConfiguration;
			buildSettings = {
				BUNDLE_LOADER = "$(TEST_HOST)";
				FRAMEWORK_SEARCH_PATHS = (
					"$(SDKROOT)/Developer/Library/Frameworks",
					"$(inherited)",
				);
				GCC_PREPROCESSOR_DEFINITIONS = (
					"DEBUG=1",
					"$(inherited)",
				);
				INFOPLIST_FILE = MuseTests/Info.plist;
				LD_RUNPATH_SEARCH_PATHS = "$(inherited) @executable_path/Frameworks @loader_path/Frameworks";
				PRODUCT_BUNDLE_IDENTIFIER = "com.genosis.$(PRODUCT_NAME:rfc1034identifier)";
				PRODUCT_NAME = "$(TARGET_NAME)";
				TEST_HOST = "$(BUILT_PRODUCTS_DIR)/Muse.app/Muse";
			};
			name = Debug;
		};
		60AADA251B981AD200A5DCC7 /* Release */ = {
			isa = XCBuildConfiguration;
			buildSettings = {
				BUNDLE_LOADER = "$(TEST_HOST)";
				FRAMEWORK_SEARCH_PATHS = (
					"$(SDKROOT)/Developer/Library/Frameworks",
					"$(inherited)",
				);
				INFOPLIST_FILE = MuseTests/Info.plist;
				LD_RUNPATH_SEARCH_PATHS = "$(inherited) @executable_path/Frameworks @loader_path/Frameworks";
				PRODUCT_BUNDLE_IDENTIFIER = "com.genosis.$(PRODUCT_NAME:rfc1034identifier)";
				PRODUCT_NAME = "$(TARGET_NAME)";
				TEST_HOST = "$(BUILT_PRODUCTS_DIR)/Muse.app/Muse";
			};
			name = Release;
		};
/* End XCBuildConfiguration section */

/* Begin XCConfigurationList section */
		60AAD9FC1B981AD200A5DCC7 /* Build configuration list for PBXProject "Muse" */ = {
			isa = XCConfigurationList;
			buildConfigurations = (
				60AADA1E1B981AD200A5DCC7 /* Debug */,
				60AADA1F1B981AD200A5DCC7 /* Release */,
			);
			defaultConfigurationIsVisible = 0;
			defaultConfigurationName = Release;
		};
		60AADA201B981AD200A5DCC7 /* Build configuration list for PBXNativeTarget "Muse" */ = {
			isa = XCConfigurationList;
			buildConfigurations = (
				60AADA211B981AD200A5DCC7 /* Debug */,
				60AADA221B981AD200A5DCC7 /* Release */,
			);
			defaultConfigurationIsVisible = 0;
			defaultConfigurationName = Release;
		};
		60AADA231B981AD200A5DCC7 /* Build configuration list for PBXNativeTarget "MuseTests" */ = {
			isa = XCConfigurationList;
			buildConfigurations = (
				60AADA241B981AD200A5DCC7 /* Debug */,
				60AADA251B981AD200A5DCC7 /* Release */,
			);
			defaultConfigurationIsVisible = 0;
			defaultConfigurationName = Release;
		};
/* End XCConfigurationList section */
	};
	rootObject = 60AAD9F91B981AD200A5DCC7 /* Project object */;
}
