// !$*UTF8*$!
{
	archiveVersion = 1;
	classes = {
	};
	objectVersion = 46;
	objects = {

/* Begin PBXBuildFile section */
		C39BD12419DE9E99009A35F2 /* AppDelegate.swift in Sources */ = {isa = PBXBuildFile; fileRef = C39BD12319DE9E99009A35F2 /* AppDelegate.swift */; };
		C39BD12619DE9E99009A35F2 /* ViewController.swift in Sources */ = {isa = PBXBuildFile; fileRef = C39BD12519DE9E99009A35F2 /* ViewController.swift */; };
		C39BD12919DE9E99009A35F2 /* Main.storyboard in Resources */ = {isa = PBXBuildFile; fileRef = C39BD12719DE9E99009A35F2 /* Main.storyboard */; };
		C39BD12B19DE9E99009A35F2 /* Images.xcassets in Resources */ = {isa = PBXBuildFile; fileRef = C39BD12A19DE9E99009A35F2 /* Images.xcassets */; };
		C39BD12E19DE9E99009A35F2 /* LaunchScreen.xib in Resources */ = {isa = PBXBuildFile; fileRef = C39BD12C19DE9E99009A35F2 /* LaunchScreen.xib */; };
		C39BD13A19DE9E99009A35F2 /* MuseTests.swift in Sources */ = {isa = PBXBuildFile; fileRef = C39BD13919DE9E99009A35F2 /* MuseTests.swift */; };
/* End PBXBuildFile section */

/* Begin PBXContainerItemProxy section */
		C39BD13419DE9E99009A35F2 /* PBXContainerItemProxy */ = {
			isa = PBXContainerItemProxy;
			containerPortal = C39BD11619DE9E99009A35F2 /* Project object */;
			proxyType = 1;
			remoteGlobalIDString = C39BD11D19DE9E99009A35F2;
			remoteInfo = Muse;
		};
/* End PBXContainerItemProxy section */

/* Begin PBXFileReference section */
		C39BD11E19DE9E99009A35F2 /* Muse.app */ = {isa = PBXFileReference; explicitFileType = wrapper.application; includeInIndex = 0; path = Muse.app; sourceTree = BUILT_PRODUCTS_DIR; };
		C39BD12219DE9E99009A35F2 /* Info.plist */ = {isa = PBXFileReference; lastKnownFileType = text.plist.xml; path = Info.plist; sourceTree = "<group>"; };
		C39BD12319DE9E99009A35F2 /* AppDelegate.swift */ = {isa = PBXFileReference; lastKnownFileType = sourcecode.swift; path = AppDelegate.swift; sourceTree = "<group>"; };
		C39BD12519DE9E99009A35F2 /* ViewController.swift */ = {isa = PBXFileReference; lastKnownFileType = sourcecode.swift; path = ViewController.swift; sourceTree = "<group>"; };
		C39BD12819DE9E99009A35F2 /* Base */ = {isa = PBXFileReference; lastKnownFileType = file.storyboard; name = Base; path = Base.lproj/Main.storyboard; sourceTree = "<group>"; };
		C39BD12A19DE9E99009A35F2 /* Images.xcassets */ = {isa = PBXFileReference; lastKnownFileType = folder.assetcatalog; path = Images.xcassets; sourceTree = "<group>"; };
		C39BD12D19DE9E99009A35F2 /* Base */ = {isa = PBXFileReference; lastKnownFileType = file.xib; name = Base; path = Base.lproj/LaunchScreen.xib; sourceTree = "<group>"; };
		C39BD13319DE9E99009A35F2 /* MuseTests.xctest */ = {isa = PBXFileReference; explicitFileType = wrapper.cfbundle; includeInIndex = 0; path = MuseTests.xctest; sourceTree = BUILT_PRODUCTS_DIR; };
		C39BD13819DE9E99009A35F2 /* Info.plist */ = {isa = PBXFileReference; lastKnownFileType = text.plist.xml; path = Info.plist; sourceTree = "<group>"; };
		C39BD13919DE9E99009A35F2 /* MuseTests.swift */ = {isa = PBXFileReference; lastKnownFileType = sourcecode.swift; path = MuseTests.swift; sourceTree = "<group>"; };
/* End PBXFileReference section */

/* Begin PBXFrameworksBuildPhase section */
		C39BD11B19DE9E99009A35F2 /* Frameworks */ = {
			isa = PBXFrameworksBuildPhase;
			buildActionMask = 2147483647;
			files = (
			);
			runOnlyForDeploymentPostprocessing = 0;
		};
		C39BD13019DE9E99009A35F2 /* Frameworks */ = {
			isa = PBXFrameworksBuildPhase;
			buildActionMask = 2147483647;
			files = (
			);
			runOnlyForDeploymentPostprocessing = 0;
		};
/* End PBXFrameworksBuildPhase section */

/* Begin PBXGroup section */
		C39BD11519DE9E99009A35F2 = {
			isa = PBXGroup;
			children = (
				C39BD12019DE9E99009A35F2 /* Muse */,
				C39BD13619DE9E99009A35F2 /* MuseTests */,
				C39BD11F19DE9E99009A35F2 /* Products */,
			);
			sourceTree = "<group>";
		};
		C39BD11F19DE9E99009A35F2 /* Products */ = {
			isa = PBXGroup;
			children = (
				C39BD11E19DE9E99009A35F2 /* Muse.app */,
				C39BD13319DE9E99009A35F2 /* MuseTests.xctest */,
			);
			name = Products;
			sourceTree = "<group>";
		};
		C39BD12019DE9E99009A35F2 /* Muse */ = {
			isa = PBXGroup;
			children = (
				C39BD12319DE9E99009A35F2 /* AppDelegate.swift */,
				C39BD12519DE9E99009A35F2 /* ViewController.swift */,
				C39BD12719DE9E99009A35F2 /* Main.storyboard */,
				C39BD12A19DE9E99009A35F2 /* Images.xcassets */,
				C39BD12C19DE9E99009A35F2 /* LaunchScreen.xib */,
				C39BD12119DE9E99009A35F2 /* Supporting Files */,
			);
			path = Muse;
			sourceTree = "<group>";
		};
		C39BD12119DE9E99009A35F2 /* Supporting Files */ = {
			isa = PBXGroup;
			children = (
				C39BD12219DE9E99009A35F2 /* Info.plist */,
			);
			name = "Supporting Files";
			sourceTree = "<group>";
		};
		C39BD13619DE9E99009A35F2 /* MuseTests */ = {
			isa = PBXGroup;
			children = (
				C39BD13919DE9E99009A35F2 /* MuseTests.swift */,
				C39BD13719DE9E99009A35F2 /* Supporting Files */,
			);
			path = MuseTests;
			sourceTree = "<group>";
		};
		C39BD13719DE9E99009A35F2 /* Supporting Files */ = {
			isa = PBXGroup;
			children = (
				C39BD13819DE9E99009A35F2 /* Info.plist */,
			);
			name = "Supporting Files";
			sourceTree = "<group>";
		};
/* End PBXGroup section */

/* Begin PBXNativeTarget section */
		C39BD11D19DE9E99009A35F2 /* Muse */ = {
			isa = PBXNativeTarget;
			buildConfigurationList = C39BD13D19DE9E99009A35F2 /* Build configuration list for PBXNativeTarget "Muse" */;
			buildPhases = (
				C39BD11A19DE9E99009A35F2 /* Sources */,
				C39BD11B19DE9E99009A35F2 /* Frameworks */,
				C39BD11C19DE9E99009A35F2 /* Resources */,
			);
			buildRules = (
			);
			dependencies = (
			);
			name = Muse;
			productName = Muse;
			productReference = C39BD11E19DE9E99009A35F2 /* Muse.app */;
			productType = "com.apple.product-type.application";
		};
		C39BD13219DE9E99009A35F2 /* MuseTests */ = {
			isa = PBXNativeTarget;
			buildConfigurationList = C39BD14019DE9E99009A35F2 /* Build configuration list for PBXNativeTarget "MuseTests" */;
			buildPhases = (
				C39BD12F19DE9E99009A35F2 /* Sources */,
				C39BD13019DE9E99009A35F2 /* Frameworks */,
				C39BD13119DE9E99009A35F2 /* Resources */,
			);
			buildRules = (
			);
			dependencies = (
				C39BD13519DE9E99009A35F2 /* PBXTargetDependency */,
			);
			name = MuseTests;
			productName = MuseTests;
			productReference = C39BD13319DE9E99009A35F2 /* MuseTests.xctest */;
			productType = "com.apple.product-type.bundle.unit-test";
		};
/* End PBXNativeTarget section */

/* Begin PBXProject section */
		C39BD11619DE9E99009A35F2 /* Project object */ = {
			isa = PBXProject;
			attributes = {
				LastUpgradeCheck = 0600;
				ORGANIZATIONNAME = Genosis;
				TargetAttributes = {
					C39BD11D19DE9E99009A35F2 = {
						CreatedOnToolsVersion = 6.0.1;
					};
					C39BD13219DE9E99009A35F2 = {
						CreatedOnToolsVersion = 6.0.1;
						TestTargetID = C39BD11D19DE9E99009A35F2;
					};
				};
			};
			buildConfigurationList = C39BD11919DE9E99009A35F2 /* Build configuration list for PBXProject "Muse" */;
			compatibilityVersion = "Xcode 3.2";
			developmentRegion = English;
			hasScannedForEncodings = 0;
			knownRegions = (
				en,
				Base,
			);
			mainGroup = C39BD11519DE9E99009A35F2;
			productRefGroup = C39BD11F19DE9E99009A35F2 /* Products */;
			projectDirPath = "";
			projectRoot = "";
			targets = (
				C39BD11D19DE9E99009A35F2 /* Muse */,
				C39BD13219DE9E99009A35F2 /* MuseTests */,
			);
		};
/* End PBXProject section */

/* Begin PBXResourcesBuildPhase section */
		C39BD11C19DE9E99009A35F2 /* Resources */ = {
			isa = PBXResourcesBuildPhase;
			buildActionMask = 2147483647;
			files = (
				C39BD12919DE9E99009A35F2 /* Main.storyboard in Resources */,
				C39BD12E19DE9E99009A35F2 /* LaunchScreen.xib in Resources */,
				C39BD12B19DE9E99009A35F2 /* Images.xcassets in Resources */,
			);
			runOnlyForDeploymentPostprocessing = 0;
		};
		C39BD13119DE9E99009A35F2 /* Resources */ = {
			isa = PBXResourcesBuildPhase;
			buildActionMask = 2147483647;
			files = (
			);
			runOnlyForDeploymentPostprocessing = 0;
		};
/* End PBXResourcesBuildPhase section */

/* Begin PBXSourcesBuildPhase section */
		C39BD11A19DE9E99009A35F2 /* Sources */ = {
			isa = PBXSourcesBuildPhase;
			buildActionMask = 2147483647;
			files = (
				C39BD12619DE9E99009A35F2 /* ViewController.swift in Sources */,
				C39BD12419DE9E99009A35F2 /* AppDelegate.swift in Sources */,
			);
			runOnlyForDeploymentPostprocessing = 0;
		};
		C39BD12F19DE9E99009A35F2 /* Sources */ = {
			isa = PBXSourcesBuildPhase;
			buildActionMask = 2147483647;
			files = (
				C39BD13A19DE9E99009A35F2 /* MuseTests.swift in Sources */,
			);
			runOnlyForDeploymentPostprocessing = 0;
		};
/* End PBXSourcesBuildPhase section */

/* Begin PBXTargetDependency section */
		C39BD13519DE9E99009A35F2 /* PBXTargetDependency */ = {
			isa = PBXTargetDependency;
			target = C39BD11D19DE9E99009A35F2 /* Muse */;
			targetProxy = C39BD13419DE9E99009A35F2 /* PBXContainerItemProxy */;
		};
/* End PBXTargetDependency section */

/* Begin PBXVariantGroup section */
		C39BD12719DE9E99009A35F2 /* Main.storyboard */ = {
			isa = PBXVariantGroup;
			children = (
				C39BD12819DE9E99009A35F2 /* Base */,
			);
			name = Main.storyboard;
			sourceTree = "<group>";
		};
		C39BD12C19DE9E99009A35F2 /* LaunchScreen.xib */ = {
			isa = PBXVariantGroup;
			children = (
				C39BD12D19DE9E99009A35F2 /* Base */,
			);
			name = LaunchScreen.xib;
			sourceTree = "<group>";
		};
/* End PBXVariantGroup section */

/* Begin XCBuildConfiguration section */
		C39BD13B19DE9E99009A35F2 /* Debug */ = {
			isa = XCBuildConfiguration;
			buildSettings = {
				ALWAYS_SEARCH_USER_PATHS = NO;
				CLANG_CXX_LANGUAGE_STANDARD = "gnu++0x";
				CLANG_CXX_LIBRARY = "libc++";
				CLANG_ENABLE_MODULES = YES;
				CLANG_ENABLE_OBJC_ARC = YES;
				CLANG_WARN_BOOL_CONVERSION = YES;
				CLANG_WARN_CONSTANT_CONVERSION = YES;
				CLANG_WARN_DIRECT_OBJC_ISA_USAGE = YES_ERROR;
				CLANG_WARN_EMPTY_BODY = YES;
				CLANG_WARN_ENUM_CONVERSION = YES;
				CLANG_WARN_INT_CONVERSION = YES;
				CLANG_WARN_OBJC_ROOT_CLASS = YES_ERROR;
				CLANG_WARN_UNREACHABLE_CODE = YES;
				CLANG_WARN__DUPLICATE_METHOD_MATCH = YES;
				"CODE_SIGN_IDENTITY[sdk=iphoneos*]" = "iPhone Developer";
				COPY_PHASE_STRIP = NO;
				ENABLE_STRICT_OBJC_MSGSEND = YES;
				GCC_C_LANGUAGE_STANDARD = gnu99;
				GCC_DYNAMIC_NO_PIC = NO;
				GCC_OPTIMIZATION_LEVEL = 0;
				GCC_PREPROCESSOR_DEFINITIONS = (
					"DEBUG=1",
					"$(inherited)",
				);
				GCC_SYMBOLS_PRIVATE_EXTERN = NO;
				GCC_WARN_64_TO_32_BIT_CONVERSION = YES;
				GCC_WARN_ABOUT_RETURN_TYPE = YES_ERROR;
				GCC_WARN_UNDECLARED_SELECTOR = YES;
				GCC_WARN_UNINITIALIZED_AUTOS = YES_AGGRESSIVE;
				GCC_WARN_UNUSED_FUNCTION = YES;
				GCC_WARN_UNUSED_VARIABLE = YES;
				IPHONEOS_DEPLOYMENT_TARGET = 8.0;
				MTL_ENABLE_DEBUG_INFO = YES;
				ONLY_ACTIVE_ARCH = YES;
				SDKROOT = iphoneos;
				SWIFT_OPTIMIZATION_LEVEL = "-Onone";
			};
			name = Debug;
		};
		C39BD13C19DE9E99009A35F2 /* Release */ = {
			isa = XCBuildConfiguration;
			buildSettings = {
				ALWAYS_SEARCH_USER_PATHS = NO;
				CLANG_CXX_LANGUAGE_STANDARD = "gnu++0x";
				CLANG_CXX_LIBRARY = "libc++";
				CLANG_ENABLE_MODULES = YES;
				CLANG_ENABLE_OBJC_ARC = YES;
				CLANG_WARN_BOOL_CONVERSION = YES;
				CLANG_WARN_CONSTANT_CONVERSION = YES;
				CLANG_WARN_DIRECT_OBJC_ISA_USAGE = YES_ERROR;
				CLANG_WARN_EMPTY_BODY = YES;
				CLANG_WARN_ENUM_CONVERSION = YES;
				CLANG_WARN_INT_CONVERSION = YES;
				CLANG_WARN_OBJC_ROOT_CLASS = YES_ERROR;
				CLANG_WARN_UNREACHABLE_CODE = YES;
				CLANG_WARN__DUPLICATE_METHOD_MATCH = YES;
				"CODE_SIGN_IDENTITY[sdk=iphoneos*]" = "iPhone Developer";
				COPY_PHASE_STRIP = YES;
				ENABLE_NS_ASSERTIONS = NO;
				ENABLE_STRICT_OBJC_MSGSEND = YES;
				GCC_C_LANGUAGE_STANDARD = gnu99;
				GCC_WARN_64_TO_32_BIT_CONVERSION = YES;
				GCC_WARN_ABOUT_RETURN_TYPE = YES_ERROR;
				GCC_WARN_UNDECLARED_SELECTOR = YES;
				GCC_WARN_UNINITIALIZED_AUTOS = YES_AGGRESSIVE;
				GCC_WARN_UNUSED_FUNCTION = YES;
				GCC_WARN_UNUSED_VARIABLE = YES;
				IPHONEOS_DEPLOYMENT_TARGET = 8.0;
				MTL_ENABLE_DEBUG_INFO = NO;
				SDKROOT = iphoneos;
				VALIDATE_PRODUCT = YES;
			};
			name = Release;
		};
		C39BD13E19DE9E99009A35F2 /* Debug */ = {
			isa = XCBuildConfiguration;
			buildSettings = {
				ASSETCATALOG_COMPILER_APPICON_NAME = AppIcon;
				INFOPLIST_FILE = Muse/Info.plist;
				LD_RUNPATH_SEARCH_PATHS = "$(inherited) @executable_path/Frameworks";
				PRODUCT_NAME = "$(TARGET_NAME)";
			};
			name = Debug;
		};
		C39BD13F19DE9E99009A35F2 /* Release */ = {
			isa = XCBuildConfiguration;
			buildSettings = {
				ASSETCATALOG_COMPILER_APPICON_NAME = AppIcon;
				INFOPLIST_FILE = Muse/Info.plist;
				LD_RUNPATH_SEARCH_PATHS = "$(inherited) @executable_path/Frameworks";
				PRODUCT_NAME = "$(TARGET_NAME)";
			};
			name = Release;
		};
		C39BD14119DE9E99009A35F2 /* Debug */ = {
			isa = XCBuildConfiguration;
			buildSettings = {
				BUNDLE_LOADER = "$(TEST_HOST)";
				FRAMEWORK_SEARCH_PATHS = (
					"$(SDKROOT)/Developer/Library/Frameworks",
					"$(inherited)",
				);
				GCC_PREPROCESSOR_DEFINITIONS = (
					"DEBUG=1",
					"$(inherited)",
				);
				INFOPLIST_FILE = MuseTests/Info.plist;
				LD_RUNPATH_SEARCH_PATHS = "$(inherited) @executable_path/Frameworks @loader_path/Frameworks";
				PRODUCT_NAME = "$(TARGET_NAME)";
				TEST_HOST = "$(BUILT_PRODUCTS_DIR)/Muse.app/Muse";
			};
			name = Debug;
		};
		C39BD14219DE9E99009A35F2 /* Release */ = {
			isa = XCBuildConfiguration;
			buildSettings = {
				BUNDLE_LOADER = "$(TEST_HOST)";
				FRAMEWORK_SEARCH_PATHS = (
					"$(SDKROOT)/Developer/Library/Frameworks",
					"$(inherited)",
				);
				INFOPLIST_FILE = MuseTests/Info.plist;
				LD_RUNPATH_SEARCH_PATHS = "$(inherited) @executable_path/Frameworks @loader_path/Frameworks";
				PRODUCT_NAME = "$(TARGET_NAME)";
				TEST_HOST = "$(BUILT_PRODUCTS_DIR)/Muse.app/Muse";
			};
			name = Release;
		};
/* End XCBuildConfiguration section */

/* Begin XCConfigurationList section */
		C39BD11919DE9E99009A35F2 /* Build configuration list for PBXProject "Muse" */ = {
			isa = XCConfigurationList;
			buildConfigurations = (
				C39BD13B19DE9E99009A35F2 /* Debug */,
				C39BD13C19DE9E99009A35F2 /* Release */,
			);
			defaultConfigurationIsVisible = 0;
			defaultConfigurationName = Release;
		};
		C39BD13D19DE9E99009A35F2 /* Build configuration list for PBXNativeTarget "Muse" */ = {
			isa = XCConfigurationList;
			buildConfigurations = (
				C39BD13E19DE9E99009A35F2 /* Debug */,
				C39BD13F19DE9E99009A35F2 /* Release */,
			);
			defaultConfigurationIsVisible = 0;
		};
		C39BD14019DE9E99009A35F2 /* Build configuration list for PBXNativeTarget "MuseTests" */ = {
			isa = XCConfigurationList;
			buildConfigurations = (
				C39BD14119DE9E99009A35F2 /* Debug */,
				C39BD14219DE9E99009A35F2 /* Release */,
			);
			defaultConfigurationIsVisible = 0;
		};
/* End XCConfigurationList section */
	};
	rootObject = C39BD11619DE9E99009A35F2 /* Project object */;
}
